
Microsoft Visual Studio Solution File, Format Version 12.00
# Visual Studio Version 16
VisualStudioVersion = 16.0.29709.97
MinimumVisualStudioVersion = 10.0.40219.1
Project("{FAE04EC0-301F-11D3-BF4B-00C04F79EFBC}") = "Planina", "Planina\Planina.csproj", "{9FCAE68C-3E9C-43F3-BD98-CB9E18942943}"
EndProject
Global
	GlobalSection(SolutionConfigurationPlatforms) = preSolution
		Debug|Any CPU = Debug|Any CPU
		Release|Any CPU = Release|Any CPU
	EndGlobalSection
	GlobalSection(ProjectConfigurationPlatforms) = postSolution
		{9FCAE68C-3E9C-43F3-BD98-CB9E18942943}.Debug|Any CPU.ActiveCfg = Debug|Any CPU
		{9FCAE68C-3E9C-43F3-BD98-CB9E18942943}.Debug|Any CPU.Build.0 = Debug|Any CPU
		{9FCAE68C-3E9C-43F3-BD98-CB9E18942943}.Release|Any CPU.ActiveCfg = Release|Any CPU
		{9FCAE68C-3E9C-43F3-BD98-CB9E18942943}.Release|Any CPU.Build.0 = Release|Any CPU
	EndGlobalSection
	GlobalSection(SolutionProperties) = preSolution
		HideSolutionNode = FALSE
	EndGlobalSection
	GlobalSection(ExtensibilityGlobals) = postSolution
		SolutionGuid = {FB2F8D7D-D10F-45D2-8669-1B9285D0343A}
	EndGlobalSection
EndGlobal
